
Microsoft Visual Studio Solution File, Format Version 12.00
# Visual Studio Version 16
VisualStudioVersion = 16.0.32228.343
MinimumVisualStudioVersion = 10.0.40219.1
Project("{FAE04EC0-301F-11D3-BF4B-00C04F79EFBC}") = "GameJing-android", "GameJing-android.csproj", "{22C0A7B2-C8E8-4C89-AEBC-E2B878A5F875}"
EndProject
Global
	GlobalSection(SolutionConfigurationPlatforms) = preSolution
		Debug|Any CPU = Debug|Any CPU
		Release|Any CPU = Release|Any CPU
	EndGlobalSection
	GlobalSection(ProjectConfigurationPlatforms) = postSolution
		{22C0A7B2-C8E8-4C89-AEBC-E2B878A5F875}.Debug|Any CPU.ActiveCfg = Debug|Any CPU
		{22C0A7B2-C8E8-4C89-AEBC-E2B878A5F875}.Debug|Any CPU.Build.0 = Debug|Any CPU
		{22C0A7B2-C8E8-4C89-AEBC-E2B878A5F875}.Debug|Any CPU.Deploy.0 = Debug|Any CPU
		{22C0A7B2-C8E8-4C89-AEBC-E2B878A5F875}.Release|Any CPU.ActiveCfg = Release|Any CPU
		{22C0A7B2-C8E8-4C89-AEBC-E2B878A5F875}.Release|Any CPU.Build.0 = Release|Any CPU
		{22C0A7B2-C8E8-4C89-AEBC-E2B878A5F875}.Release|Any CPU.Deploy.0 = Release|Any CPU
	EndGlobalSection
	GlobalSection(SolutionProperties) = preSolution
		HideSolutionNode = FALSE
	EndGlobalSection
	GlobalSection(ExtensibilityGlobals) = postSolution
		SolutionGuid = {73F07E2F-AA38-4D40-A357-DF6B0131E160}
	EndGlobalSection
EndGlobal
